
Microsoft Visual Studio Solution File, Format Version 12.00
# Visual Studio Version 17
VisualStudioVersion = 17.0.31903.59
MinimumVisualStudioVersion = 10.0.40219.1
Project("{2150E333-8FDC-42A3-9474-1A3956D46DE8}") = "UserService", "UserService", "{C0127DB6-3CA8-EE98-7726-A4993E48C5D4}"
EndProject
Project("{FAE04EC0-301F-11D3-BF4B-00C04F79EFBC}") = "UserService.API", "UserService\UserService.API\UserService.API.csproj", "{D5468B7A-8F33-485E-A325-DDA8F38F1B3C}"
EndProject
Project("{FAE04EC0-301F-11D3-BF4B-00C04F79EFBC}") = "UserService.Application", "UserService\UserService.Application\UserService.Application.csproj", "{28A72516-90F5-4329-9C38-97EFA2E6C676}"
EndProject
Project("{FAE04EC0-301F-11D3-BF4B-00C04F79EFBC}") = "UserService.Domain", "UserService\UserService.Domain\UserService.Domain.csproj", "{31B17AE9-491F-4756-A748-32827760D689}"
EndProject
Project("{FAE04EC0-301F-11D3-BF4B-00C04F79EFBC}") = "UserService.Infrastructure", "UserService\UserService.Infrastructure\UserService.Infrastructure.csproj", "{3AA69EB0-647C-42E7-B582-3D6BD25E2634}"
EndProject
Project("{2150E333-8FDC-42A3-9474-1A3956D46DE8}") = "JobService", "JobService", "{F4229D94-0F99-B9FF-91B7-B28DE7B6A998}"
EndProject
Project("{FAE04EC0-301F-11D3-BF4B-00C04F79EFBC}") = "JobService.API", "JobService\JobService.API\JobService.API.csproj", "{F254F002-15AB-4E43-A3CA-925F73AD349A}"
EndProject
Project("{FAE04EC0-301F-11D3-BF4B-00C04F79EFBC}") = "JobService.Application", "JobService\JobService.Application\JobService.Application.csproj", "{FF55D68F-8699-4D8D-91B7-C48E6F836277}"
EndProject
Project("{FAE04EC0-301F-11D3-BF4B-00C04F79EFBC}") = "JobService.Domain", "JobService\JobService.Domain\JobService.Domain.csproj", "{4B698557-7BF7-4D76-A1C2-5835A889FCE6}"
EndProject
Project("{FAE04EC0-301F-11D3-BF4B-00C04F79EFBC}") = "JobService.Infrastructure", "JobService\JobService.Infrastructure\JobService.Infrastructure.csproj", "{67E97A1F-AE06-4B9E-8674-98213A58FAE0}"
EndProject
Project("{2150E333-8FDC-42A3-9474-1A3956D46DE8}") = "NotificationService", "NotificationService", "{0BAE62A9-2200-0262-2CB5-8EE825167370}"
EndProject
Project("{FAE04EC0-301F-11D3-BF4B-00C04F79EFBC}") = "NotificationService.API", "NotificationService\NotificationService.API\NotificationService.API.csproj", "{0EA3F505-9C81-42D2-96B2-40EB7AD31760}"
EndProject
Project("{FAE04EC0-301F-11D3-BF4B-00C04F79EFBC}") = "NotificationService.Application", "NotificationService\NotificationService.Application\NotificationService.Application.csproj", "{1A328B1D-CE1B-46F4-B20C-AED99577B377}"
EndProject
Project("{FAE04EC0-301F-11D3-BF4B-00C04F79EFBC}") = "NotificationService.Domain", "NotificationService\NotificationService.Domain\NotificationService.Domain.csproj", "{675B73C8-0AE7-4E19-BBF4-BD50051B666C}"
EndProject
Project("{FAE04EC0-301F-11D3-BF4B-00C04F79EFBC}") = "NotificationService.Infrastructure", "NotificationService\NotificationService.Infrastructure\NotificationService.Infrastructure.csproj", "{A3E0164B-3ABA-46F0-A82A-A778E5084C4B}"
EndProject
Project("{FAE04EC0-301F-11D3-BF4B-00C04F79EFBC}") = "SharedKernel", "SharedKernel\SharedKernel.csproj", "{AE160A5F-664D-4676-95F2-9CE60C9BAB84}"
EndProject
Project("{FAE04EC0-301F-11D3-BF4B-00C04F79EFBC}") = "ApiGateway", "ApiGateway\ApiGateway.csproj", "{A23AB042-1500-429A-858D-723F06D5392C}"
EndProject
Global
	GlobalSection(SolutionConfigurationPlatforms) = preSolution
		Debug|Any CPU = Debug|Any CPU
		Debug|x64 = Debug|x64
		Debug|x86 = Debug|x86
		Release|Any CPU = Release|Any CPU
		Release|x64 = Release|x64
		Release|x86 = Release|x86
	EndGlobalSection
	GlobalSection(ProjectConfigurationPlatforms) = postSolution
		{D5468B7A-8F33-485E-A325-DDA8F38F1B3C}.Debug|Any CPU.ActiveCfg = Debug|Any CPU
		{D5468B7A-8F33-485E-A325-DDA8F38F1B3C}.Debug|Any CPU.Build.0 = Debug|Any CPU
		{D5468B7A-8F33-485E-A325-DDA8F38F1B3C}.Debug|x64.ActiveCfg = Debug|Any CPU
		{D5468B7A-8F33-485E-A325-DDA8F38F1B3C}.Debug|x64.Build.0 = Debug|Any CPU
		{D5468B7A-8F33-485E-A325-DDA8F38F1B3C}.Debug|x86.ActiveCfg = Debug|Any CPU
		{D5468B7A-8F33-485E-A325-DDA8F38F1B3C}.Debug|x86.Build.0 = Debug|Any CPU
		{D5468B7A-8F33-485E-A325-DDA8F38F1B3C}.Release|Any CPU.ActiveCfg = Release|Any CPU
		{D5468B7A-8F33-485E-A325-DDA8F38F1B3C}.Release|Any CPU.Build.0 = Release|Any CPU
		{D5468B7A-8F33-485E-A325-DDA8F38F1B3C}.Release|x64.ActiveCfg = Release|Any CPU
		{D5468B7A-8F33-485E-A325-DDA8F38F1B3C}.Release|x64.Build.0 = Release|Any CPU
		{D5468B7A-8F33-485E-A325-DDA8F38F1B3C}.Release|x86.ActiveCfg = Release|Any CPU
		{D5468B7A-8F33-485E-A325-DDA8F38F1B3C}.Release|x86.Build.0 = Release|Any CPU
		{28A72516-90F5-4329-9C38-97EFA2E6C676}.Debug|Any CPU.ActiveCfg = Debug|Any CPU
		{28A72516-90F5-4329-9C38-97EFA2E6C676}.Debug|Any CPU.Build.0 = Debug|Any CPU
		{28A72516-90F5-4329-9C38-97EFA2E6C676}.Debug|x64.ActiveCfg = Debug|Any CPU
		{28A72516-90F5-4329-9C38-97EFA2E6C676}.Debug|x64.Build.0 = Debug|Any CPU
		{28A72516-90F5-4329-9C38-97EFA2E6C676}.Debug|x86.ActiveCfg = Debug|Any CPU
		{28A72516-90F5-4329-9C38-97EFA2E6C676}.Debug|x86.Build.0 = Debug|Any CPU
		{28A72516-90F5-4329-9C38-97EFA2E6C676}.Release|Any CPU.ActiveCfg = Release|Any CPU
		{28A72516-90F5-4329-9C38-97EFA2E6C676}.Release|Any CPU.Build.0 = Release|Any CPU
		{28A72516-90F5-4329-9C38-97EFA2E6C676}.Release|x64.ActiveCfg = Release|Any CPU
		{28A72516-90F5-4329-9C38-97EFA2E6C676}.Release|x64.Build.0 = Release|Any CPU
		{28A72516-90F5-4329-9C38-97EFA2E6C676}.Release|x86.ActiveCfg = Release|Any CPU
		{28A72516-90F5-4329-9C38-97EFA2E6C676}.Release|x86.Build.0 = Release|Any CPU
		{31B17AE9-491F-4756-A748-32827760D689}.Debug|Any CPU.ActiveCfg = Debug|Any CPU
		{31B17AE9-491F-4756-A748-32827760D689}.Debug|Any CPU.Build.0 = Debug|Any CPU
		{31B17AE9-491F-4756-A748-32827760D689}.Debug|x64.ActiveCfg = Debug|Any CPU
		{31B17AE9-491F-4756-A748-32827760D689}.Debug|x64.Build.0 = Debug|Any CPU
		{31B17AE9-491F-4756-A748-32827760D689}.Debug|x86.ActiveCfg = Debug|Any CPU
		{31B17AE9-491F-4756-A748-32827760D689}.Debug|x86.Build.0 = Debug|Any CPU
		{31B17AE9-491F-4756-A748-32827760D689}.Release|Any CPU.ActiveCfg = Release|Any CPU
		{31B17AE9-491F-4756-A748-32827760D689}.Release|Any CPU.Build.0 = Release|Any CPU
		{31B17AE9-491F-4756-A748-32827760D689}.Release|x64.ActiveCfg = Release|Any CPU
		{31B17AE9-491F-4756-A748-32827760D689}.Release|x64.Build.0 = Release|Any CPU
		{31B17AE9-491F-4756-A748-32827760D689}.Release|x86.ActiveCfg = Release|Any CPU
		{31B17AE9-491F-4756-A748-32827760D689}.Release|x86.Build.0 = Release|Any CPU
		{3AA69EB0-647C-42E7-B582-3D6BD25E2634}.Debug|Any CPU.ActiveCfg = Debug|Any CPU
		{3AA69EB0-647C-42E7-B582-3D6BD25E2634}.Debug|Any CPU.Build.0 = Debug|Any CPU
		{3AA69EB0-647C-42E7-B582-3D6BD25E2634}.Debug|x64.ActiveCfg = Debug|Any CPU
		{3AA69EB0-647C-42E7-B582-3D6BD25E2634}.Debug|x64.Build.0 = Debug|Any CPU
		{3AA69EB0-647C-42E7-B582-3D6BD25E2634}.Debug|x86.ActiveCfg = Debug|Any CPU
		{3AA69EB0-647C-42E7-B582-3D6BD25E2634}.Debug|x86.Build.0 = Debug|Any CPU
		{3AA69EB0-647C-42E7-B582-3D6BD25E2634}.Release|Any CPU.ActiveCfg = Release|Any CPU
		{3AA69EB0-647C-42E7-B582-3D6BD25E2634}.Release|Any CPU.Build.0 = Release|Any CPU
		{3AA69EB0-647C-42E7-B582-3D6BD25E2634}.Release|x64.ActiveCfg = Release|Any CPU
		{3AA69EB0-647C-42E7-B582-3D6BD25E2634}.Release|x64.Build.0 = Release|Any CPU
		{3AA69EB0-647C-42E7-B582-3D6BD25E2634}.Release|x86.ActiveCfg = Release|Any CPU
		{3AA69EB0-647C-42E7-B582-3D6BD25E2634}.Release|x86.Build.0 = Release|Any CPU
		{F254F002-15AB-4E43-A3CA-925F73AD349A}.Debug|Any CPU.ActiveCfg = Debug|Any CPU
		{F254F002-15AB-4E43-A3CA-925F73AD349A}.Debug|Any CPU.Build.0 = Debug|Any CPU
		{F254F002-15AB-4E43-A3CA-925F73AD349A}.Debug|x64.ActiveCfg = Debug|Any CPU
		{F254F002-15AB-4E43-A3CA-925F73AD349A}.Debug|x64.Build.0 = Debug|Any CPU
		{F254F002-15AB-4E43-A3CA-925F73AD349A}.Debug|x86.ActiveCfg = Debug|Any CPU
		{F254F002-15AB-4E43-A3CA-925F73AD349A}.Debug|x86.Build.0 = Debug|Any CPU
		{F254F002-15AB-4E43-A3CA-925F73AD349A}.Release|Any CPU.ActiveCfg = Release|Any CPU
		{F254F002-15AB-4E43-A3CA-925F73AD349A}.Release|Any CPU.Build.0 = Release|Any CPU
		{F254F002-15AB-4E43-A3CA-925F73AD349A}.Release|x64.ActiveCfg = Release|Any CPU
		{F254F002-15AB-4E43-A3CA-925F73AD349A}.Release|x64.Build.0 = Release|Any CPU
		{F254F002-15AB-4E43-A3CA-925F73AD349A}.Release|x86.ActiveCfg = Release|Any CPU
		{F254F002-15AB-4E43-A3CA-925F73AD349A}.Release|x86.Build.0 = Release|Any CPU
		{FF55D68F-8699-4D8D-91B7-C48E6F836277}.Debug|Any CPU.ActiveCfg = Debug|Any CPU
		{FF55D68F-8699-4D8D-91B7-C48E6F836277}.Debug|Any CPU.Build.0 = Debug|Any CPU
		{FF55D68F-8699-4D8D-91B7-C48E6F836277}.Debug|x64.ActiveCfg = Debug|Any CPU
		{FF55D68F-8699-4D8D-91B7-C48E6F836277}.Debug|x64.Build.0 = Debug|Any CPU
		{FF55D68F-8699-4D8D-91B7-C48E6F836277}.Debug|x86.ActiveCfg = Debug|Any CPU
		{FF55D68F-8699-4D8D-91B7-C48E6F836277}.Debug|x86.Build.0 = Debug|Any CPU
		{FF55D68F-8699-4D8D-91B7-C48E6F836277}.Release|Any CPU.ActiveCfg = Release|Any CPU
		{FF55D68F-8699-4D8D-91B7-C48E6F836277}.Release|Any CPU.Build.0 = Release|Any CPU
		{FF55D68F-8699-4D8D-91B7-C48E6F836277}.Release|x64.ActiveCfg = Release|Any CPU
		{FF55D68F-8699-4D8D-91B7-C48E6F836277}.Release|x64.Build.0 = Release|Any CPU
		{FF55D68F-8699-4D8D-91B7-C48E6F836277}.Release|x86.ActiveCfg = Release|Any CPU
		{FF55D68F-8699-4D8D-91B7-C48E6F836277}.Release|x86.Build.0 = Release|Any CPU
		{4B698557-7BF7-4D76-A1C2-5835A889FCE6}.Debug|Any CPU.ActiveCfg = Debug|Any CPU
		{4B698557-7BF7-4D76-A1C2-5835A889FCE6}.Debug|Any CPU.Build.0 = Debug|Any CPU
		{4B698557-7BF7-4D76-A1C2-5835A889FCE6}.Debug|x64.ActiveCfg = Debug|Any CPU
		{4B698557-7BF7-4D76-A1C2-5835A889FCE6}.Debug|x64.Build.0 = Debug|Any CPU
		{4B698557-7BF7-4D76-A1C2-5835A889FCE6}.Debug|x86.ActiveCfg = Debug|Any CPU
		{4B698557-7BF7-4D76-A1C2-5835A889FCE6}.Debug|x86.Build.0 = Debug|Any CPU
		{4B698557-7BF7-4D76-A1C2-5835A889FCE6}.Release|Any CPU.ActiveCfg = Release|Any CPU
		{4B698557-7BF7-4D76-A1C2-5835A889FCE6}.Release|Any CPU.Build.0 = Release|Any CPU
		{4B698557-7BF7-4D76-A1C2-5835A889FCE6}.Release|x64.ActiveCfg = Release|Any CPU
		{4B698557-7BF7-4D76-A1C2-5835A889FCE6}.Release|x64.Build.0 = Release|Any CPU
		{4B698557-7BF7-4D76-A1C2-5835A889FCE6}.Release|x86.ActiveCfg = Release|Any CPU
		{4B698557-7BF7-4D76-A1C2-5835A889FCE6}.Release|x86.Build.0 = Release|Any CPU
		{67E97A1F-AE06-4B9E-8674-98213A58FAE0}.Debug|Any CPU.ActiveCfg = Debug|Any CPU
		{67E97A1F-AE06-4B9E-8674-98213A58FAE0}.Debug|Any CPU.Build.0 = Debug|Any CPU
		{67E97A1F-AE06-4B9E-8674-98213A58FAE0}.Debug|x64.ActiveCfg = Debug|Any CPU
		{67E97A1F-AE06-4B9E-8674-98213A58FAE0}.Debug|x64.Build.0 = Debug|Any CPU
		{67E97A1F-AE06-4B9E-8674-98213A58FAE0}.Debug|x86.ActiveCfg = Debug|Any CPU
		{67E97A1F-AE06-4B9E-8674-98213A58FAE0}.Debug|x86.Build.0 = Debug|Any CPU
		{67E97A1F-AE06-4B9E-8674-98213A58FAE0}.Release|Any CPU.ActiveCfg = Release|Any CPU
		{67E97A1F-AE06-4B9E-8674-98213A58FAE0}.Release|Any CPU.Build.0 = Release|Any CPU
		{67E97A1F-AE06-4B9E-8674-98213A58FAE0}.Release|x64.ActiveCfg = Release|Any CPU
		{67E97A1F-AE06-4B9E-8674-98213A58FAE0}.Release|x64.Build.0 = Release|Any CPU
		{67E97A1F-AE06-4B9E-8674-98213A58FAE0}.Release|x86.ActiveCfg = Release|Any CPU
		{67E97A1F-AE06-4B9E-8674-98213A58FAE0}.Release|x86.Build.0 = Release|Any CPU
		{0EA3F505-9C81-42D2-96B2-40EB7AD31760}.Debug|Any CPU.ActiveCfg = Debug|Any CPU
		{0EA3F505-9C81-42D2-96B2-40EB7AD31760}.Debug|Any CPU.Build.0 = Debug|Any CPU
		{0EA3F505-9C81-42D2-96B2-40EB7AD31760}.Debug|x64.ActiveCfg = Debug|Any CPU
		{0EA3F505-9C81-42D2-96B2-40EB7AD31760}.Debug|x64.Build.0 = Debug|Any CPU
		{0EA3F505-9C81-42D2-96B2-40EB7AD31760}.Debug|x86.ActiveCfg = Debug|Any CPU
		{0EA3F505-9C81-42D2-96B2-40EB7AD31760}.Debug|x86.Build.0 = Debug|Any CPU
		{0EA3F505-9C81-42D2-96B2-40EB7AD31760}.Release|Any CPU.ActiveCfg = Release|Any CPU
		{0EA3F505-9C81-42D2-96B2-40EB7AD31760}.Release|Any CPU.Build.0 = Release|Any CPU
		{0EA3F505-9C81-42D2-96B2-40EB7AD31760}.Release|x64.ActiveCfg = Release|Any CPU
		{0EA3F505-9C81-42D2-96B2-40EB7AD31760}.Release|x64.Build.0 = Release|Any CPU
		{0EA3F505-9C81-42D2-96B2-40EB7AD31760}.Release|x86.ActiveCfg = Release|Any CPU
		{0EA3F505-9C81-42D2-96B2-40EB7AD31760}.Release|x86.Build.0 = Release|Any CPU
		{1A328B1D-CE1B-46F4-B20C-AED99577B377}.Debug|Any CPU.ActiveCfg = Debug|Any CPU
		{1A328B1D-CE1B-46F4-B20C-AED99577B377}.Debug|Any CPU.Build.0 = Debug|Any CPU
		{1A328B1D-CE1B-46F4-B20C-AED99577B377}.Debug|x64.ActiveCfg = Debug|Any CPU
		{1A328B1D-CE1B-46F4-B20C-AED99577B377}.Debug|x64.Build.0 = Debug|Any CPU
		{1A328B1D-CE1B-46F4-B20C-AED99577B377}.Debug|x86.ActiveCfg = Debug|Any CPU
		{1A328B1D-CE1B-46F4-B20C-AED99577B377}.Debug|x86.Build.0 = Debug|Any CPU
		{1A328B1D-CE1B-46F4-B20C-AED99577B377}.Release|Any CPU.ActiveCfg = Release|Any CPU
		{1A328B1D-CE1B-46F4-B20C-AED99577B377}.Release|Any CPU.Build.0 = Release|Any CPU
		{1A328B1D-CE1B-46F4-B20C-AED99577B377}.Release|x64.ActiveCfg = Release|Any CPU
		{1A328B1D-CE1B-46F4-B20C-AED99577B377}.Release|x64.Build.0 = Release|Any CPU
		{1A328B1D-CE1B-46F4-B20C-AED99577B377}.Release|x86.ActiveCfg = Release|Any CPU
		{1A328B1D-CE1B-46F4-B20C-AED99577B377}.Release|x86.Build.0 = Release|Any CPU
		{675B73C8-0AE7-4E19-BBF4-BD50051B666C}.Debug|Any CPU.ActiveCfg = Debug|Any CPU
		{675B73C8-0AE7-4E19-BBF4-BD50051B666C}.Debug|Any CPU.Build.0 = Debug|Any CPU
		{675B73C8-0AE7-4E19-BBF4-BD50051B666C}.Debug|x64.ActiveCfg = Debug|Any CPU
		{675B73C8-0AE7-4E19-BBF4-BD50051B666C}.Debug|x64.Build.0 = Debug|Any CPU
		{675B73C8-0AE7-4E19-BBF4-BD50051B666C}.Debug|x86.ActiveCfg = Debug|Any CPU
		{675B73C8-0AE7-4E19-BBF4-BD50051B666C}.Debug|x86.Build.0 = Debug|Any CPU
		{675B73C8-0AE7-4E19-BBF4-BD50051B666C}.Release|Any CPU.ActiveCfg = Release|Any CPU
		{675B73C8-0AE7-4E19-BBF4-BD50051B666C}.Release|Any CPU.Build.0 = Release|Any CPU
		{675B73C8-0AE7-4E19-BBF4-BD50051B666C}.Release|x64.ActiveCfg = Release|Any CPU
		{675B73C8-0AE7-4E19-BBF4-BD50051B666C}.Release|x64.Build.0 = Release|Any CPU
		{675B73C8-0AE7-4E19-BBF4-BD50051B666C}.Release|x86.ActiveCfg = Release|Any CPU
		{675B73C8-0AE7-4E19-BBF4-BD50051B666C}.Release|x86.Build.0 = Release|Any CPU
		{A3E0164B-3ABA-46F0-A82A-A778E5084C4B}.Debug|Any CPU.ActiveCfg = Debug|Any CPU
		{A3E0164B-3ABA-46F0-A82A-A778E5084C4B}.Debug|Any CPU.Build.0 = Debug|Any CPU
		{A3E0164B-3ABA-46F0-A82A-A778E5084C4B}.Debug|x64.ActiveCfg = Debug|Any CPU
		{A3E0164B-3ABA-46F0-A82A-A778E5084C4B}.Debug|x64.Build.0 = Debug|Any CPU
		{A3E0164B-3ABA-46F0-A82A-A778E5084C4B}.Debug|x86.ActiveCfg = Debug|Any CPU
		{A3E0164B-3ABA-46F0-A82A-A778E5084C4B}.Debug|x86.Build.0 = Debug|Any CPU
		{A3E0164B-3ABA-46F0-A82A-A778E5084C4B}.Release|Any CPU.ActiveCfg = Release|Any CPU
		{A3E0164B-3ABA-46F0-A82A-A778E5084C4B}.Release|Any CPU.Build.0 = Release|Any CPU
		{A3E0164B-3ABA-46F0-A82A-A778E5084C4B}.Release|x64.ActiveCfg = Release|Any CPU
		{A3E0164B-3ABA-46F0-A82A-A778E5084C4B}.Release|x64.Build.0 = Release|Any CPU
		{A3E0164B-3ABA-46F0-A82A-A778E5084C4B}.Release|x86.ActiveCfg = Release|Any CPU
		{A3E0164B-3ABA-46F0-A82A-A778E5084C4B}.Release|x86.Build.0 = Release|Any CPU
		{AE160A5F-664D-4676-95F2-9CE60C9BAB84}.Debug|Any CPU.ActiveCfg = Debug|Any CPU
		{AE160A5F-664D-4676-95F2-9CE60C9BAB84}.Debug|Any CPU.Build.0 = Debug|Any CPU
		{AE160A5F-664D-4676-95F2-9CE60C9BAB84}.Debug|x64.ActiveCfg = Debug|Any CPU
		{AE160A5F-664D-4676-95F2-9CE60C9BAB84}.Debug|x64.Build.0 = Debug|Any CPU
		{AE160A5F-664D-4676-95F2-9CE60C9BAB84}.Debug|x86.ActiveCfg = Debug|Any CPU
		{AE160A5F-664D-4676-95F2-9CE60C9BAB84}.Debug|x86.Build.0 = Debug|Any CPU
		{AE160A5F-664D-4676-95F2-9CE60C9BAB84}.Release|Any CPU.ActiveCfg = Release|Any CPU
		{AE160A5F-664D-4676-95F2-9CE60C9BAB84}.Release|Any CPU.Build.0 = Release|Any CPU
		{AE160A5F-664D-4676-95F2-9CE60C9BAB84}.Release|x64.ActiveCfg = Release|Any CPU
		{AE160A5F-664D-4676-95F2-9CE60C9BAB84}.Release|x64.Build.0 = Release|Any CPU
		{AE160A5F-664D-4676-95F2-9CE60C9BAB84}.Release|x86.ActiveCfg = Release|Any CPU
		{AE160A5F-664D-4676-95F2-9CE60C9BAB84}.Release|x86.Build.0 = Release|Any CPU
		{A23AB042-1500-429A-858D-723F06D5392C}.Debug|Any CPU.ActiveCfg = Debug|Any CPU
		{A23AB042-1500-429A-858D-723F06D5392C}.Debug|Any CPU.Build.0 = Debug|Any CPU
		{A23AB042-1500-429A-858D-723F06D5392C}.Debug|x64.ActiveCfg = Debug|Any CPU
		{A23AB042-1500-429A-858D-723F06D5392C}.Debug|x64.Build.0 = Debug|Any CPU
		{A23AB042-1500-429A-858D-723F06D5392C}.Debug|x86.ActiveCfg = Debug|Any CPU
		{A23AB042-1500-429A-858D-723F06D5392C}.Debug|x86.Build.0 = Debug|Any CPU
		{A23AB042-1500-429A-858D-723F06D5392C}.Release|Any CPU.ActiveCfg = Release|Any CPU
		{A23AB042-1500-429A-858D-723F06D5392C}.Release|Any CPU.Build.0 = Release|Any CPU
		{A23AB042-1500-429A-858D-723F06D5392C}.Release|x64.ActiveCfg = Release|Any CPU
		{A23AB042-1500-429A-858D-723F06D5392C}.Release|x64.Build.0 = Release|Any CPU
		{A23AB042-1500-429A-858D-723F06D5392C}.Release|x86.ActiveCfg = Release|Any CPU
		{A23AB042-1500-429A-858D-723F06D5392C}.Release|x86.Build.0 = Release|Any CPU
	EndGlobalSection
	GlobalSection(SolutionProperties) = preSolution
		HideSolutionNode = FALSE
	EndGlobalSection
	GlobalSection(NestedProjects) = preSolution
		{28A72516-90F5-4329-9C38-97EFA2E6C676} = {C0127DB6-3CA8-EE98-7726-A4993E48C5D4}
		{31B17AE9-491F-4756-A748-32827760D689} = {C0127DB6-3CA8-EE98-7726-A4993E48C5D4}
		{3AA69EB0-647C-42E7-B582-3D6BD25E2634} = {C0127DB6-3CA8-EE98-7726-A4993E48C5D4}
		{FF55D68F-8699-4D8D-91B7-C48E6F836277} = {F4229D94-0F99-B9FF-91B7-B28DE7B6A998}
		{4B698557-7BF7-4D76-A1C2-5835A889FCE6} = {F4229D94-0F99-B9FF-91B7-B28DE7B6A998}
		{67E97A1F-AE06-4B9E-8674-98213A58FAE0} = {F4229D94-0F99-B9FF-91B7-B28DE7B6A998}
		{1A328B1D-CE1B-46F4-B20C-AED99577B377} = {0BAE62A9-2200-0262-2CB5-8EE825167370}
		{675B73C8-0AE7-4E19-BBF4-BD50051B666C} = {0BAE62A9-2200-0262-2CB5-8EE825167370}
		{A3E0164B-3ABA-46F0-A82A-A778E5084C4B} = {0BAE62A9-2200-0262-2CB5-8EE825167370}
	EndGlobalSection
EndGlobal
