
Microsoft Visual Studio Solution File, Format Version 12.00
# Visual Studio Version 17
VisualStudioVersion = 17.0.31903.59
MinimumVisualStudioVersion = 10.0.40219.1
Project("{2150E333-8FDC-42A3-9474-1A3956D46DE8}") = "UserService", "UserService", "{C0127DB6-3CA8-EE98-7726-A4993E48C5D4}"
EndProject
Project("{FAE04EC0-301F-11D3-BF4B-00C04F79EFBC}") = "UserService.API", "UserService\UserService.API\UserService.API.csproj", "{D5468B7A-8F33-485E-A325-DDA8F38F1B3C}"
EndProject
Project("{FAE04EC0-301F-11D3-BF4B-00C04F79EFBC}") = "UserService.Application", "UserService\UserService.Application\UserService.Application.csproj", "{28A72516-90F5-4329-9C38-97EFA2E6C676}"
EndProject
Project("{FAE04EC0-301F-11D3-BF4B-00C04F79EFBC}") = "UserService.Domain", "UserService\UserService.Domain\UserService.Domain.csproj", "{31B17AE9-491F-4756-A748-32827760D689}"
EndProject
Project("{FAE04EC0-301F-11D3-BF4B-00C04F79EFBC}") = "UserService.Infrastructure", "UserService\UserService.Infrastructure\UserService.Infrastructure.csproj", "{3AA69EB0-647C-42E7-B582-3D6BD25E2634}"
EndProject
Project("{FAE04EC0-301F-11D3-BF4B-00C04F79EFBC}") = "SharedKernel", "SharedKernel\SharedKernel.csproj", "{AE160A5F-664D-4676-95F2-9CE60C9BAB84}"
EndProject
Project("{2150E333-8FDC-42A3-9474-1A3956D46DE8}") = "Tests", "Tests", "{0AB3BF05-4346-4AA6-1389-037BE0695223}"
EndProject
Project("{FAE04EC0-301F-11D3-BF4B-00C04F79EFBC}") = "UserService.UnitTests", "Tests\UserService.UnitTests\UserService.UnitTests.csproj", "{B7316615-53AA-484B-932E-B823A3FB86E8}"
EndProject
Project("{FAE04EC0-301F-11D3-BF4B-00C04F79EFBC}") = "EmailService.UnitTests", "Tests\EmailService.UnitTests\EmailService.UnitTests.csproj", "{04B4F316-347D-45A9-A431-2FB6AB5E9AC9}"
EndProject
Project("{2150E333-8FDC-42A3-9474-1A3956D46DE8}") = "BuildingBlocks", "BuildingBlocks", "{7266C4A9-E384-DC00-0EB6-47F6002CFBA7}"
EndProject
Project("{FAE04EC0-301F-11D3-BF4B-00C04F79EFBC}") = "BuildingBlocks.Domain", "BuildingBlocks\BuildingBlocks.Domain\BuildingBlocks.Domain.csproj", "{D1BF6276-7384-4F90-B6CA-69F123D34B67}"
EndProject
Project("{2150E333-8FDC-42A3-9474-1A3956D46DE8}") = "EmailService", "EmailService", "{1B460550-9A0D-95C5-6BAC-59E82EB556A2}"
EndProject
Project("{FAE04EC0-301F-11D3-BF4B-00C04F79EFBC}") = "EmailService.Worker", "EmailService\EmailService.Worker\EmailService.Worker.csproj", "{B4F9F4A4-DF6B-435B-B05F-8668F8C05371}"
EndProject
Global
	GlobalSection(SolutionConfigurationPlatforms) = preSolution
		Debug|Any CPU = Debug|Any CPU
		Debug|x64 = Debug|x64
		Debug|x86 = Debug|x86
		Release|Any CPU = Release|Any CPU
		Release|x64 = Release|x64
		Release|x86 = Release|x86
	EndGlobalSection
	GlobalSection(ProjectConfigurationPlatforms) = postSolution
		{D5468B7A-8F33-485E-A325-DDA8F38F1B3C}.Debug|Any CPU.ActiveCfg = Debug|Any CPU
		{D5468B7A-8F33-485E-A325-DDA8F38F1B3C}.Debug|Any CPU.Build.0 = Debug|Any CPU
		{D5468B7A-8F33-485E-A325-DDA8F38F1B3C}.Debug|x64.ActiveCfg = Debug|Any CPU
		{D5468B7A-8F33-485E-A325-DDA8F38F1B3C}.Debug|x64.Build.0 = Debug|Any CPU
		{D5468B7A-8F33-485E-A325-DDA8F38F1B3C}.Debug|x86.ActiveCfg = Debug|Any CPU
		{D5468B7A-8F33-485E-A325-DDA8F38F1B3C}.Debug|x86.Build.0 = Debug|Any CPU
		{D5468B7A-8F33-485E-A325-DDA8F38F1B3C}.Release|Any CPU.ActiveCfg = Release|Any CPU
		{D5468B7A-8F33-485E-A325-DDA8F38F1B3C}.Release|Any CPU.Build.0 = Release|Any CPU
		{D5468B7A-8F33-485E-A325-DDA8F38F1B3C}.Release|x64.ActiveCfg = Release|Any CPU
		{D5468B7A-8F33-485E-A325-DDA8F38F1B3C}.Release|x64.Build.0 = Release|Any CPU
		{D5468B7A-8F33-485E-A325-DDA8F38F1B3C}.Release|x86.ActiveCfg = Release|Any CPU
		{D5468B7A-8F33-485E-A325-DDA8F38F1B3C}.Release|x86.Build.0 = Release|Any CPU
		{28A72516-90F5-4329-9C38-97EFA2E6C676}.Debug|Any CPU.ActiveCfg = Debug|Any CPU
		{28A72516-90F5-4329-9C38-97EFA2E6C676}.Debug|Any CPU.Build.0 = Debug|Any CPU
		{28A72516-90F5-4329-9C38-97EFA2E6C676}.Debug|x64.ActiveCfg = Debug|Any CPU
		{28A72516-90F5-4329-9C38-97EFA2E6C676}.Debug|x64.Build.0 = Debug|Any CPU
		{28A72516-90F5-4329-9C38-97EFA2E6C676}.Debug|x86.ActiveCfg = Debug|Any CPU
		{28A72516-90F5-4329-9C38-97EFA2E6C676}.Debug|x86.Build.0 = Debug|Any CPU
		{28A72516-90F5-4329-9C38-97EFA2E6C676}.Release|Any CPU.ActiveCfg = Release|Any CPU
		{28A72516-90F5-4329-9C38-97EFA2E6C676}.Release|Any CPU.Build.0 = Release|Any CPU
		{28A72516-90F5-4329-9C38-97EFA2E6C676}.Release|x64.ActiveCfg = Release|Any CPU
		{28A72516-90F5-4329-9C38-97EFA2E6C676}.Release|x64.Build.0 = Release|Any CPU
		{28A72516-90F5-4329-9C38-97EFA2E6C676}.Release|x86.ActiveCfg = Release|Any CPU
		{28A72516-90F5-4329-9C38-97EFA2E6C676}.Release|x86.Build.0 = Release|Any CPU
		{31B17AE9-491F-4756-A748-32827760D689}.Debug|Any CPU.ActiveCfg = Debug|Any CPU
		{31B17AE9-491F-4756-A748-32827760D689}.Debug|Any CPU.Build.0 = Debug|Any CPU
		{31B17AE9-491F-4756-A748-32827760D689}.Debug|x64.ActiveCfg = Debug|Any CPU
		{31B17AE9-491F-4756-A748-32827760D689}.Debug|x64.Build.0 = Debug|Any CPU
		{31B17AE9-491F-4756-A748-32827760D689}.Debug|x86.ActiveCfg = Debug|Any CPU
		{31B17AE9-491F-4756-A748-32827760D689}.Debug|x86.Build.0 = Debug|Any CPU
		{31B17AE9-491F-4756-A748-32827760D689}.Release|Any CPU.ActiveCfg = Release|Any CPU
		{31B17AE9-491F-4756-A748-32827760D689}.Release|Any CPU.Build.0 = Release|Any CPU
		{31B17AE9-491F-4756-A748-32827760D689}.Release|x64.ActiveCfg = Release|Any CPU
		{31B17AE9-491F-4756-A748-32827760D689}.Release|x64.Build.0 = Release|Any CPU
		{31B17AE9-491F-4756-A748-32827760D689}.Release|x86.ActiveCfg = Release|Any CPU
		{31B17AE9-491F-4756-A748-32827760D689}.Release|x86.Build.0 = Release|Any CPU
		{3AA69EB0-647C-42E7-B582-3D6BD25E2634}.Debug|Any CPU.ActiveCfg = Debug|Any CPU
		{3AA69EB0-647C-42E7-B582-3D6BD25E2634}.Debug|Any CPU.Build.0 = Debug|Any CPU
		{3AA69EB0-647C-42E7-B582-3D6BD25E2634}.Debug|x64.ActiveCfg = Debug|Any CPU
		{3AA69EB0-647C-42E7-B582-3D6BD25E2634}.Debug|x64.Build.0 = Debug|Any CPU
		{3AA69EB0-647C-42E7-B582-3D6BD25E2634}.Debug|x86.ActiveCfg = Debug|Any CPU
		{3AA69EB0-647C-42E7-B582-3D6BD25E2634}.Debug|x86.Build.0 = Debug|Any CPU
		{3AA69EB0-647C-42E7-B582-3D6BD25E2634}.Release|Any CPU.ActiveCfg = Release|Any CPU
		{3AA69EB0-647C-42E7-B582-3D6BD25E2634}.Release|Any CPU.Build.0 = Release|Any CPU
		{3AA69EB0-647C-42E7-B582-3D6BD25E2634}.Release|x64.ActiveCfg = Release|Any CPU
		{3AA69EB0-647C-42E7-B582-3D6BD25E2634}.Release|x64.Build.0 = Release|Any CPU
		{3AA69EB0-647C-42E7-B582-3D6BD25E2634}.Release|x86.ActiveCfg = Release|Any CPU
		{3AA69EB0-647C-42E7-B582-3D6BD25E2634}.Release|x86.Build.0 = Release|Any CPU
		{AE160A5F-664D-4676-95F2-9CE60C9BAB84}.Debug|Any CPU.ActiveCfg = Debug|Any CPU
		{AE160A5F-664D-4676-95F2-9CE60C9BAB84}.Debug|Any CPU.Build.0 = Debug|Any CPU
		{AE160A5F-664D-4676-95F2-9CE60C9BAB84}.Debug|x64.ActiveCfg = Debug|Any CPU
		{AE160A5F-664D-4676-95F2-9CE60C9BAB84}.Debug|x64.Build.0 = Debug|Any CPU
		{AE160A5F-664D-4676-95F2-9CE60C9BAB84}.Debug|x86.ActiveCfg = Debug|Any CPU
		{AE160A5F-664D-4676-95F2-9CE60C9BAB84}.Debug|x86.Build.0 = Debug|Any CPU
		{AE160A5F-664D-4676-95F2-9CE60C9BAB84}.Release|Any CPU.ActiveCfg = Release|Any CPU
		{AE160A5F-664D-4676-95F2-9CE60C9BAB84}.Release|Any CPU.Build.0 = Release|Any CPU
		{AE160A5F-664D-4676-95F2-9CE60C9BAB84}.Release|x64.ActiveCfg = Release|Any CPU
		{AE160A5F-664D-4676-95F2-9CE60C9BAB84}.Release|x64.Build.0 = Release|Any CPU
		{AE160A5F-664D-4676-95F2-9CE60C9BAB84}.Release|x86.ActiveCfg = Release|Any CPU
		{AE160A5F-664D-4676-95F2-9CE60C9BAB84}.Release|x86.Build.0 = Release|Any CPU
		{B7316615-53AA-484B-932E-B823A3FB86E8}.Debug|Any CPU.ActiveCfg = Debug|Any CPU
		{B7316615-53AA-484B-932E-B823A3FB86E8}.Debug|Any CPU.Build.0 = Debug|Any CPU
		{B7316615-53AA-484B-932E-B823A3FB86E8}.Debug|x64.ActiveCfg = Debug|Any CPU
		{B7316615-53AA-484B-932E-B823A3FB86E8}.Debug|x64.Build.0 = Debug|Any CPU
		{B7316615-53AA-484B-932E-B823A3FB86E8}.Debug|x86.ActiveCfg = Debug|Any CPU
		{B7316615-53AA-484B-932E-B823A3FB86E8}.Debug|x86.Build.0 = Debug|Any CPU
		{B7316615-53AA-484B-932E-B823A3FB86E8}.Release|Any CPU.ActiveCfg = Release|Any CPU
		{B7316615-53AA-484B-932E-B823A3FB86E8}.Release|Any CPU.Build.0 = Release|Any CPU
		{B7316615-53AA-484B-932E-B823A3FB86E8}.Release|x64.ActiveCfg = Release|Any CPU
		{B7316615-53AA-484B-932E-B823A3FB86E8}.Release|x64.Build.0 = Release|Any CPU
		{B7316615-53AA-484B-932E-B823A3FB86E8}.Release|x86.ActiveCfg = Release|Any CPU
		{B7316615-53AA-484B-932E-B823A3FB86E8}.Release|x86.Build.0 = Release|Any CPU
		{04B4F316-347D-45A9-A431-2FB6AB5E9AC9}.Debug|Any CPU.ActiveCfg = Debug|Any CPU
		{04B4F316-347D-45A9-A431-2FB6AB5E9AC9}.Debug|Any CPU.Build.0 = Debug|Any CPU
		{04B4F316-347D-45A9-A431-2FB6AB5E9AC9}.Debug|x64.ActiveCfg = Debug|Any CPU
		{04B4F316-347D-45A9-A431-2FB6AB5E9AC9}.Debug|x64.Build.0 = Debug|Any CPU
		{04B4F316-347D-45A9-A431-2FB6AB5E9AC9}.Debug|x86.ActiveCfg = Debug|Any CPU
		{04B4F316-347D-45A9-A431-2FB6AB5E9AC9}.Debug|x86.Build.0 = Debug|Any CPU
		{04B4F316-347D-45A9-A431-2FB6AB5E9AC9}.Release|Any CPU.ActiveCfg = Release|Any CPU
		{04B4F316-347D-45A9-A431-2FB6AB5E9AC9}.Release|Any CPU.Build.0 = Release|Any CPU
		{04B4F316-347D-45A9-A431-2FB6AB5E9AC9}.Release|x64.ActiveCfg = Release|Any CPU
		{04B4F316-347D-45A9-A431-2FB6AB5E9AC9}.Release|x64.Build.0 = Release|Any CPU
		{04B4F316-347D-45A9-A431-2FB6AB5E9AC9}.Release|x86.ActiveCfg = Release|Any CPU
		{04B4F316-347D-45A9-A431-2FB6AB5E9AC9}.Release|x86.Build.0 = Release|Any CPU
		{D1BF6276-7384-4F90-B6CA-69F123D34B67}.Debug|Any CPU.ActiveCfg = Debug|Any CPU
		{D1BF6276-7384-4F90-B6CA-69F123D34B67}.Debug|Any CPU.Build.0 = Debug|Any CPU
		{D1BF6276-7384-4F90-B6CA-69F123D34B67}.Debug|x64.ActiveCfg = Debug|Any CPU
		{D1BF6276-7384-4F90-B6CA-69F123D34B67}.Debug|x64.Build.0 = Debug|Any CPU
		{D1BF6276-7384-4F90-B6CA-69F123D34B67}.Debug|x86.ActiveCfg = Debug|Any CPU
		{D1BF6276-7384-4F90-B6CA-69F123D34B67}.Debug|x86.Build.0 = Debug|Any CPU
		{D1BF6276-7384-4F90-B6CA-69F123D34B67}.Release|Any CPU.ActiveCfg = Release|Any CPU
		{D1BF6276-7384-4F90-B6CA-69F123D34B67}.Release|Any CPU.Build.0 = Release|Any CPU
		{D1BF6276-7384-4F90-B6CA-69F123D34B67}.Release|x64.ActiveCfg = Release|Any CPU
		{D1BF6276-7384-4F90-B6CA-69F123D34B67}.Release|x64.Build.0 = Release|Any CPU
		{D1BF6276-7384-4F90-B6CA-69F123D34B67}.Release|x86.ActiveCfg = Release|Any CPU
		{D1BF6276-7384-4F90-B6CA-69F123D34B67}.Release|x86.Build.0 = Release|Any CPU
		{B4F9F4A4-DF6B-435B-B05F-8668F8C05371}.Debug|Any CPU.ActiveCfg = Debug|Any CPU
		{B4F9F4A4-DF6B-435B-B05F-8668F8C05371}.Debug|Any CPU.Build.0 = Debug|Any CPU
		{B4F9F4A4-DF6B-435B-B05F-8668F8C05371}.Debug|x64.ActiveCfg = Debug|Any CPU
		{B4F9F4A4-DF6B-435B-B05F-8668F8C05371}.Debug|x64.Build.0 = Debug|Any CPU
		{B4F9F4A4-DF6B-435B-B05F-8668F8C05371}.Debug|x86.ActiveCfg = Debug|Any CPU
		{B4F9F4A4-DF6B-435B-B05F-8668F8C05371}.Debug|x86.Build.0 = Debug|Any CPU
		{B4F9F4A4-DF6B-435B-B05F-8668F8C05371}.Release|Any CPU.ActiveCfg = Release|Any CPU
		{B4F9F4A4-DF6B-435B-B05F-8668F8C05371}.Release|Any CPU.Build.0 = Release|Any CPU
		{B4F9F4A4-DF6B-435B-B05F-8668F8C05371}.Release|x64.ActiveCfg = Release|Any CPU
		{B4F9F4A4-DF6B-435B-B05F-8668F8C05371}.Release|x64.Build.0 = Release|Any CPU
		{B4F9F4A4-DF6B-435B-B05F-8668F8C05371}.Release|x86.ActiveCfg = Release|Any CPU
		{B4F9F4A4-DF6B-435B-B05F-8668F8C05371}.Release|x86.Build.0 = Release|Any CPU
	EndGlobalSection
	GlobalSection(SolutionProperties) = preSolution
		HideSolutionNode = FALSE
	EndGlobalSection
	GlobalSection(NestedProjects) = preSolution
		{28A72516-90F5-4329-9C38-97EFA2E6C676} = {C0127DB6-3CA8-EE98-7726-A4993E48C5D4}
		{31B17AE9-491F-4756-A748-32827760D689} = {C0127DB6-3CA8-EE98-7726-A4993E48C5D4}
		{3AA69EB0-647C-42E7-B582-3D6BD25E2634} = {C0127DB6-3CA8-EE98-7726-A4993E48C5D4}
		{B7316615-53AA-484B-932E-B823A3FB86E8} = {0AB3BF05-4346-4AA6-1389-037BE0695223}
		{04B4F316-347D-45A9-A431-2FB6AB5E9AC9} = {0AB3BF05-4346-4AA6-1389-037BE0695223}
		{D1BF6276-7384-4F90-B6CA-69F123D34B67} = {7266C4A9-E384-DC00-0EB6-47F6002CFBA7}
		{B4F9F4A4-DF6B-435B-B05F-8668F8C05371} = {1B460550-9A0D-95C5-6BAC-59E82EB556A2}
	EndGlobalSection
EndGlobal
