
Microsoft Visual Studio Solution File, Format Version 12.00
# Visual Studio Version 17
VisualStudioVersion = 17.0.31903.59
MinimumVisualStudioVersion = 10.0.40219.1
Project("{FAE04EC0-301F-11D3-BF4B-00C04F79EFBC}") = "SharedKernel", "SharedKernel\SharedKernel.csproj", "{AE160A5F-664D-4676-95F2-9CE60C9BAB84}"
EndProject
Project("{2150E333-8FDC-42A3-9474-1A3956D46DE8}") = "Tests", "Tests", "{0AB3BF05-4346-4AA6-1389-037BE0695223}"
EndProject
Project("{FAE04EC0-301F-11D3-BF4B-00C04F79EFBC}") = "UserService.UnitTests", "Tests\UserService.UnitTests\UserService.UnitTests.csproj", "{B7316615-53AA-484B-932E-B823A3FB86E8}"
EndProject
Project("{FAE04EC0-301F-11D3-BF4B-00C04F79EFBC}") = "EmailService.UnitTests", "Tests\EmailService.UnitTests\EmailService.UnitTests.csproj", "{04B4F316-347D-45A9-A431-2FB6AB5E9AC9}"
EndProject
Project("{2150E333-8FDC-42A3-9474-1A3956D46DE8}") = "UserService", "UserService", "{C0127DB6-3CA8-EE98-7726-A4993E48C5D4}"
EndProject
Project("{FAE04EC0-301F-11D3-BF4B-00C04F79EFBC}") = "UserService", "UserService\UserService.csproj", "{B6437242-91C6-4EFB-8D73-1A958014CCE2}"
EndProject
Project("{2150E333-8FDC-42A3-9474-1A3956D46DE8}") = "EmailService", "EmailService", "{1B460550-9A0D-95C5-6BAC-59E82EB556A2}"
EndProject
Project("{FAE04EC0-301F-11D3-BF4B-00C04F79EFBC}") = "EmailService", "EmailService\EmailService.csproj", "{C359EF2F-983D-4D57-9FB4-880227B1B8F8}"
EndProject
Project("{2150E333-8FDC-42A3-9474-1A3956D46DE8}") = "JobApplicationService", "JobApplicationService", "{41AA72E1-BA39-C5EE-C13B-C6C5E41D8A46}"
EndProject
Project("{FAE04EC0-301F-11D3-BF4B-00C04F79EFBC}") = "JobApplicationService", "JobApplicationService\JobApplicationService.csproj", "{82D8C40C-E174-4BC9-AEB4-819E25BF296D}"
EndProject
Project("{FAE04EC0-301F-11D3-BF4B-00C04F79EFBC}") = "JobApplicationService.UnitTests", "Tests\JobApplicationService.UnitTests\JobApplicationService.UnitTests.csproj", "{2BDCCA69-B247-4925-A6D7-B14FCF3EADB3}"
EndProject
Project("{2150E333-8FDC-42A3-9474-1A3956D46DE8}") = "ApiGateway", "ApiGateway", "{25D181DD-5CC9-F0B3-C64F-91E1AA77FD70}"
EndProject
Project("{FAE04EC0-301F-11D3-BF4B-00C04F79EFBC}") = "ApiGateway", "ApiGateway\ApiGateway.csproj", "{6518268E-5C72-4D26-B520-C82382AD14F8}"
EndProject
Global
	GlobalSection(SolutionConfigurationPlatforms) = preSolution
		Debug|Any CPU = Debug|Any CPU
		Debug|x64 = Debug|x64
		Debug|x86 = Debug|x86
		Release|Any CPU = Release|Any CPU
		Release|x64 = Release|x64
		Release|x86 = Release|x86
	EndGlobalSection
	GlobalSection(ProjectConfigurationPlatforms) = postSolution
		{AE160A5F-664D-4676-95F2-9CE60C9BAB84}.Debug|Any CPU.ActiveCfg = Debug|Any CPU
		{AE160A5F-664D-4676-95F2-9CE60C9BAB84}.Debug|Any CPU.Build.0 = Debug|Any CPU
		{AE160A5F-664D-4676-95F2-9CE60C9BAB84}.Debug|x64.ActiveCfg = Debug|Any CPU
		{AE160A5F-664D-4676-95F2-9CE60C9BAB84}.Debug|x64.Build.0 = Debug|Any CPU
		{AE160A5F-664D-4676-95F2-9CE60C9BAB84}.Debug|x86.ActiveCfg = Debug|Any CPU
		{AE160A5F-664D-4676-95F2-9CE60C9BAB84}.Debug|x86.Build.0 = Debug|Any CPU
		{AE160A5F-664D-4676-95F2-9CE60C9BAB84}.Release|Any CPU.ActiveCfg = Release|Any CPU
		{AE160A5F-664D-4676-95F2-9CE60C9BAB84}.Release|Any CPU.Build.0 = Release|Any CPU
		{AE160A5F-664D-4676-95F2-9CE60C9BAB84}.Release|x64.ActiveCfg = Release|Any CPU
		{AE160A5F-664D-4676-95F2-9CE60C9BAB84}.Release|x64.Build.0 = Release|Any CPU
		{AE160A5F-664D-4676-95F2-9CE60C9BAB84}.Release|x86.ActiveCfg = Release|Any CPU
		{AE160A5F-664D-4676-95F2-9CE60C9BAB84}.Release|x86.Build.0 = Release|Any CPU
		{B7316615-53AA-484B-932E-B823A3FB86E8}.Debug|Any CPU.ActiveCfg = Debug|Any CPU
		{B7316615-53AA-484B-932E-B823A3FB86E8}.Debug|Any CPU.Build.0 = Debug|Any CPU
		{B7316615-53AA-484B-932E-B823A3FB86E8}.Debug|x64.ActiveCfg = Debug|Any CPU
		{B7316615-53AA-484B-932E-B823A3FB86E8}.Debug|x64.Build.0 = Debug|Any CPU
		{B7316615-53AA-484B-932E-B823A3FB86E8}.Debug|x86.ActiveCfg = Debug|Any CPU
		{B7316615-53AA-484B-932E-B823A3FB86E8}.Debug|x86.Build.0 = Debug|Any CPU
		{B7316615-53AA-484B-932E-B823A3FB86E8}.Release|Any CPU.ActiveCfg = Release|Any CPU
		{B7316615-53AA-484B-932E-B823A3FB86E8}.Release|Any CPU.Build.0 = Release|Any CPU
		{B7316615-53AA-484B-932E-B823A3FB86E8}.Release|x64.ActiveCfg = Release|Any CPU
		{B7316615-53AA-484B-932E-B823A3FB86E8}.Release|x64.Build.0 = Release|Any CPU
		{B7316615-53AA-484B-932E-B823A3FB86E8}.Release|x86.ActiveCfg = Release|Any CPU
		{B7316615-53AA-484B-932E-B823A3FB86E8}.Release|x86.Build.0 = Release|Any CPU
		{04B4F316-347D-45A9-A431-2FB6AB5E9AC9}.Debug|Any CPU.ActiveCfg = Debug|Any CPU
		{04B4F316-347D-45A9-A431-2FB6AB5E9AC9}.Debug|Any CPU.Build.0 = Debug|Any CPU
		{04B4F316-347D-45A9-A431-2FB6AB5E9AC9}.Debug|x64.ActiveCfg = Debug|Any CPU
		{04B4F316-347D-45A9-A431-2FB6AB5E9AC9}.Debug|x64.Build.0 = Debug|Any CPU
		{04B4F316-347D-45A9-A431-2FB6AB5E9AC9}.Debug|x86.ActiveCfg = Debug|Any CPU
		{04B4F316-347D-45A9-A431-2FB6AB5E9AC9}.Debug|x86.Build.0 = Debug|Any CPU
		{04B4F316-347D-45A9-A431-2FB6AB5E9AC9}.Release|Any CPU.ActiveCfg = Release|Any CPU
		{04B4F316-347D-45A9-A431-2FB6AB5E9AC9}.Release|Any CPU.Build.0 = Release|Any CPU
		{04B4F316-347D-45A9-A431-2FB6AB5E9AC9}.Release|x64.ActiveCfg = Release|Any CPU
		{04B4F316-347D-45A9-A431-2FB6AB5E9AC9}.Release|x64.Build.0 = Release|Any CPU
		{04B4F316-347D-45A9-A431-2FB6AB5E9AC9}.Release|x86.ActiveCfg = Release|Any CPU
		{04B4F316-347D-45A9-A431-2FB6AB5E9AC9}.Release|x86.Build.0 = Release|Any CPU
		{B6437242-91C6-4EFB-8D73-1A958014CCE2}.Debug|Any CPU.ActiveCfg = Debug|Any CPU
		{B6437242-91C6-4EFB-8D73-1A958014CCE2}.Debug|Any CPU.Build.0 = Debug|Any CPU
		{B6437242-91C6-4EFB-8D73-1A958014CCE2}.Debug|x64.ActiveCfg = Debug|Any CPU
		{B6437242-91C6-4EFB-8D73-1A958014CCE2}.Debug|x64.Build.0 = Debug|Any CPU
		{B6437242-91C6-4EFB-8D73-1A958014CCE2}.Debug|x86.ActiveCfg = Debug|Any CPU
		{B6437242-91C6-4EFB-8D73-1A958014CCE2}.Debug|x86.Build.0 = Debug|Any CPU
		{B6437242-91C6-4EFB-8D73-1A958014CCE2}.Release|Any CPU.ActiveCfg = Release|Any CPU
		{B6437242-91C6-4EFB-8D73-1A958014CCE2}.Release|Any CPU.Build.0 = Release|Any CPU
		{B6437242-91C6-4EFB-8D73-1A958014CCE2}.Release|x64.ActiveCfg = Release|Any CPU
		{B6437242-91C6-4EFB-8D73-1A958014CCE2}.Release|x64.Build.0 = Release|Any CPU
		{B6437242-91C6-4EFB-8D73-1A958014CCE2}.Release|x86.ActiveCfg = Release|Any CPU
		{B6437242-91C6-4EFB-8D73-1A958014CCE2}.Release|x86.Build.0 = Release|Any CPU
		{C359EF2F-983D-4D57-9FB4-880227B1B8F8}.Debug|Any CPU.ActiveCfg = Debug|Any CPU
		{C359EF2F-983D-4D57-9FB4-880227B1B8F8}.Debug|Any CPU.Build.0 = Debug|Any CPU
		{C359EF2F-983D-4D57-9FB4-880227B1B8F8}.Debug|x64.ActiveCfg = Debug|Any CPU
		{C359EF2F-983D-4D57-9FB4-880227B1B8F8}.Debug|x64.Build.0 = Debug|Any CPU
		{C359EF2F-983D-4D57-9FB4-880227B1B8F8}.Debug|x86.ActiveCfg = Debug|Any CPU
		{C359EF2F-983D-4D57-9FB4-880227B1B8F8}.Debug|x86.Build.0 = Debug|Any CPU
		{C359EF2F-983D-4D57-9FB4-880227B1B8F8}.Release|Any CPU.ActiveCfg = Release|Any CPU
		{C359EF2F-983D-4D57-9FB4-880227B1B8F8}.Release|Any CPU.Build.0 = Release|Any CPU
		{C359EF2F-983D-4D57-9FB4-880227B1B8F8}.Release|x64.ActiveCfg = Release|Any CPU
		{C359EF2F-983D-4D57-9FB4-880227B1B8F8}.Release|x64.Build.0 = Release|Any CPU
		{C359EF2F-983D-4D57-9FB4-880227B1B8F8}.Release|x86.ActiveCfg = Release|Any CPU
		{C359EF2F-983D-4D57-9FB4-880227B1B8F8}.Release|x86.Build.0 = Release|Any CPU
		{82D8C40C-E174-4BC9-AEB4-819E25BF296D}.Debug|Any CPU.ActiveCfg = Debug|Any CPU
		{82D8C40C-E174-4BC9-AEB4-819E25BF296D}.Debug|Any CPU.Build.0 = Debug|Any CPU
		{82D8C40C-E174-4BC9-AEB4-819E25BF296D}.Debug|x64.ActiveCfg = Debug|Any CPU
		{82D8C40C-E174-4BC9-AEB4-819E25BF296D}.Debug|x64.Build.0 = Debug|Any CPU
		{82D8C40C-E174-4BC9-AEB4-819E25BF296D}.Debug|x86.ActiveCfg = Debug|Any CPU
		{82D8C40C-E174-4BC9-AEB4-819E25BF296D}.Debug|x86.Build.0 = Debug|Any CPU
		{82D8C40C-E174-4BC9-AEB4-819E25BF296D}.Release|Any CPU.ActiveCfg = Release|Any CPU
		{82D8C40C-E174-4BC9-AEB4-819E25BF296D}.Release|Any CPU.Build.0 = Release|Any CPU
		{82D8C40C-E174-4BC9-AEB4-819E25BF296D}.Release|x64.ActiveCfg = Release|Any CPU
		{82D8C40C-E174-4BC9-AEB4-819E25BF296D}.Release|x64.Build.0 = Release|Any CPU
		{82D8C40C-E174-4BC9-AEB4-819E25BF296D}.Release|x86.ActiveCfg = Release|Any CPU
		{82D8C40C-E174-4BC9-AEB4-819E25BF296D}.Release|x86.Build.0 = Release|Any CPU
		{2BDCCA69-B247-4925-A6D7-B14FCF3EADB3}.Debug|Any CPU.ActiveCfg = Debug|Any CPU
		{2BDCCA69-B247-4925-A6D7-B14FCF3EADB3}.Debug|Any CPU.Build.0 = Debug|Any CPU
		{2BDCCA69-B247-4925-A6D7-B14FCF3EADB3}.Debug|x64.ActiveCfg = Debug|Any CPU
		{2BDCCA69-B247-4925-A6D7-B14FCF3EADB3}.Debug|x64.Build.0 = Debug|Any CPU
		{2BDCCA69-B247-4925-A6D7-B14FCF3EADB3}.Debug|x86.ActiveCfg = Debug|Any CPU
		{2BDCCA69-B247-4925-A6D7-B14FCF3EADB3}.Debug|x86.Build.0 = Debug|Any CPU
		{2BDCCA69-B247-4925-A6D7-B14FCF3EADB3}.Release|Any CPU.ActiveCfg = Release|Any CPU
		{2BDCCA69-B247-4925-A6D7-B14FCF3EADB3}.Release|Any CPU.Build.0 = Release|Any CPU
		{2BDCCA69-B247-4925-A6D7-B14FCF3EADB3}.Release|x64.ActiveCfg = Release|Any CPU
		{2BDCCA69-B247-4925-A6D7-B14FCF3EADB3}.Release|x64.Build.0 = Release|Any CPU
		{2BDCCA69-B247-4925-A6D7-B14FCF3EADB3}.Release|x86.ActiveCfg = Release|Any CPU
		{2BDCCA69-B247-4925-A6D7-B14FCF3EADB3}.Release|x86.Build.0 = Release|Any CPU
		{6518268E-5C72-4D26-B520-C82382AD14F8}.Debug|Any CPU.ActiveCfg = Debug|Any CPU
		{6518268E-5C72-4D26-B520-C82382AD14F8}.Debug|Any CPU.Build.0 = Debug|Any CPU
		{6518268E-5C72-4D26-B520-C82382AD14F8}.Debug|x64.ActiveCfg = Debug|Any CPU
		{6518268E-5C72-4D26-B520-C82382AD14F8}.Debug|x64.Build.0 = Debug|Any CPU
		{6518268E-5C72-4D26-B520-C82382AD14F8}.Debug|x86.ActiveCfg = Debug|Any CPU
		{6518268E-5C72-4D26-B520-C82382AD14F8}.Debug|x86.Build.0 = Debug|Any CPU
		{6518268E-5C72-4D26-B520-C82382AD14F8}.Release|Any CPU.ActiveCfg = Release|Any CPU
		{6518268E-5C72-4D26-B520-C82382AD14F8}.Release|Any CPU.Build.0 = Release|Any CPU
		{6518268E-5C72-4D26-B520-C82382AD14F8}.Release|x64.ActiveCfg = Release|Any CPU
		{6518268E-5C72-4D26-B520-C82382AD14F8}.Release|x64.Build.0 = Release|Any CPU
		{6518268E-5C72-4D26-B520-C82382AD14F8}.Release|x86.ActiveCfg = Release|Any CPU
		{6518268E-5C72-4D26-B520-C82382AD14F8}.Release|x86.Build.0 = Release|Any CPU
	EndGlobalSection
	GlobalSection(SolutionProperties) = preSolution
		HideSolutionNode = FALSE
	EndGlobalSection
	GlobalSection(NestedProjects) = preSolution
		{B7316615-53AA-484B-932E-B823A3FB86E8} = {0AB3BF05-4346-4AA6-1389-037BE0695223}
		{04B4F316-347D-45A9-A431-2FB6AB5E9AC9} = {0AB3BF05-4346-4AA6-1389-037BE0695223}
		{B6437242-91C6-4EFB-8D73-1A958014CCE2} = {C0127DB6-3CA8-EE98-7726-A4993E48C5D4}
		{C359EF2F-983D-4D57-9FB4-880227B1B8F8} = {1B460550-9A0D-95C5-6BAC-59E82EB556A2}
		{82D8C40C-E174-4BC9-AEB4-819E25BF296D} = {41AA72E1-BA39-C5EE-C13B-C6C5E41D8A46}
		{2BDCCA69-B247-4925-A6D7-B14FCF3EADB3} = {0AB3BF05-4346-4AA6-1389-037BE0695223}
		{6518268E-5C72-4D26-B520-C82382AD14F8} = {25D181DD-5CC9-F0B3-C64F-91E1AA77FD70}
	EndGlobalSection
EndGlobal
